{
  "name": "node-nodejs-basics",
  "version": "1.0.0",
  "lockfileVersion": 2,
  "requires": true,
  "packages": {
    "": {
      "name": "node-nodejs-basics",
      "version": "1.0.0",
      "license": "ISC",
      "dependencies": {
        "commonjs-variables-for-esmodules": "^1.1.0"
      }
    },
    "node_modules/commonjs-variables-for-esmodules": {
      "version": "1.1.0",
      "resolved": "https://registry.npmjs.org/commonjs-variables-for-esmodules/-/commonjs-variables-for-esmodules-1.1.0.tgz",
      "integrity": "sha512-canrNDr3y+0usI1G0uoGg77BN8CFYwRhGgsXl3TlPYSxU6H2GtDmAvDk1IyUpRNTUJxzzQlai2rnjsdT3kukIw==",
      "engines": {
        "node": ">= 12.2"
      }
    }
  },
  "dependencies": {
    "commonjs-variables-for-esmodules": {
      "version": "1.1.0",
      "resolved": "https://registry.npmjs.org/commonjs-variables-for-esmodules/-/commonjs-variables-for-esmodules-1.1.0.tgz",
      "integrity": "sha512-canrNDr3y+0usI1G0uoGg77BN8CFYwRhGgsXl3TlPYSxU6H2GtDmAvDk1IyUpRNTUJxzzQlai2rnjsdT3kukIw=="
    }
  }
}
